
Microsoft Visual Studio Solution File, Format Version 12.00
# Visual Studio Version 17
VisualStudioVersion = 17.7.34221.43
MinimumVisualStudioVersion = 10.0.40219.1
Project("{FAE04EC0-301F-11D3-BF4B-00C04F79EFBC}") = "Assignment5", "Assignment5\Assignment5.csproj", "{FC6410C1-2445-479A-BCAB-3C7FAFE30470}"
EndProject
Global
	GlobalSection(SolutionConfigurationPlatforms) = preSolution
		Debug|Any CPU = Debug|Any CPU
		Release|Any CPU = Release|Any CPU
	EndGlobalSection
	GlobalSection(ProjectConfigurationPlatforms) = postSolution
		{FC6410C1-2445-479A-BCAB-3C7FAFE30470}.Debug|Any CPU.ActiveCfg = Debug|Any CPU
		{FC6410C1-2445-479A-BCAB-3C7FAFE30470}.Debug|Any CPU.Build.0 = Debug|Any CPU
		{FC6410C1-2445-479A-BCAB-3C7FAFE30470}.Release|Any CPU.ActiveCfg = Release|Any CPU
		{FC6410C1-2445-479A-BCAB-3C7FAFE30470}.Release|Any CPU.Build.0 = Release|Any CPU
	EndGlobalSection
	GlobalSection(SolutionProperties) = preSolution
		HideSolutionNode = FALSE
	EndGlobalSection
	GlobalSection(ExtensibilityGlobals) = postSolution
		SolutionGuid = {4A74119F-1C87-4EED-8239-6C6D1C9AE85E}
	EndGlobalSection
EndGlobal
